
Microsoft Visual Studio Solution File, Format Version 12.00
# Visual Studio Version 16
VisualStudioVersion = 16.0.32126.315
MinimumVisualStudioVersion = 10.0.40219.1
Project("{FAE04EC0-301F-11D3-BF4B-00C04F79EFBC}") = "IEnumerableTest", "IEnumerableTest\IEnumerableTest.csproj", "{1963DFF0-1955-4EE0-A634-E453A9FA86A0}"
EndProject
Global
	GlobalSection(SolutionConfigurationPlatforms) = preSolution
		Debug|Any CPU = Debug|Any CPU
		Release|Any CPU = Release|Any CPU
	EndGlobalSection
	GlobalSection(ProjectConfigurationPlatforms) = postSolution
		{1963DFF0-1955-4EE0-A634-E453A9FA86A0}.Debug|Any CPU.ActiveCfg = Debug|Any CPU
		{1963DFF0-1955-4EE0-A634-E453A9FA86A0}.Debug|Any CPU.Build.0 = Debug|Any CPU
		{1963DFF0-1955-4EE0-A634-E453A9FA86A0}.Release|Any CPU.ActiveCfg = Release|Any CPU
		{1963DFF0-1955-4EE0-A634-E453A9FA86A0}.Release|Any CPU.Build.0 = Release|Any CPU
	EndGlobalSection
	GlobalSection(SolutionProperties) = preSolution
		HideSolutionNode = FALSE
	EndGlobalSection
	GlobalSection(ExtensibilityGlobals) = postSolution
		SolutionGuid = {745D1663-6025-4539-85AA-7226423CE717}
	EndGlobalSection
EndGlobal
